
Microsoft Visual Studio Solution File, Format Version 12.00
# Visual Studio 15
VisualStudioVersion = 15.0.28010.2048
MinimumVisualStudioVersion = 10.0.40219.1
Project("{FAE04EC0-301F-11D3-BF4B-00C04F79EFBC}") = "CG_Chapter2", "CG_Chapter2\CG_Chapter2.csproj", "{B0D8E89B-C6B3-4A34-90E1-FFA902DBE51B}"
EndProject
Global
	GlobalSection(SolutionConfigurationPlatforms) = preSolution
		Debug|Any CPU = Debug|Any CPU
		Release|Any CPU = Release|Any CPU
	EndGlobalSection
	GlobalSection(ProjectConfigurationPlatforms) = postSolution
		{B0D8E89B-C6B3-4A34-90E1-FFA902DBE51B}.Debug|Any CPU.ActiveCfg = Debug|Any CPU
		{B0D8E89B-C6B3-4A34-90E1-FFA902DBE51B}.Debug|Any CPU.Build.0 = Debug|Any CPU
		{B0D8E89B-C6B3-4A34-90E1-FFA902DBE51B}.Release|Any CPU.ActiveCfg = Release|Any CPU
		{B0D8E89B-C6B3-4A34-90E1-FFA902DBE51B}.Release|Any CPU.Build.0 = Release|Any CPU
	EndGlobalSection
	GlobalSection(SolutionProperties) = preSolution
		HideSolutionNode = FALSE
	EndGlobalSection
	GlobalSection(ExtensibilityGlobals) = postSolution
		SolutionGuid = {CC71CB82-4A08-4038-8D42-19008E3F07B5}
	EndGlobalSection
EndGlobal
